
Microsoft Visual Studio Solution File, Format Version 12.00
# Visual Studio 15
VisualStudioVersion = 15.0.28010.2019
MinimumVisualStudioVersion = 10.0.40219.1
Project("{FAE04EC0-301F-11D3-BF4B-00C04F79EFBC}") = "HH", "HH\HH.csproj", "{12129E14-FFE1-4692-80F1-F3E9A5A19630}"
EndProject
Global
	GlobalSection(SolutionConfigurationPlatforms) = preSolution
		Debug|Any CPU = Debug|Any CPU
		Release|Any CPU = Release|Any CPU
	EndGlobalSection
	GlobalSection(ProjectConfigurationPlatforms) = postSolution
		{12129E14-FFE1-4692-80F1-F3E9A5A19630}.Debug|Any CPU.ActiveCfg = Debug|Any CPU
		{12129E14-FFE1-4692-80F1-F3E9A5A19630}.Debug|Any CPU.Build.0 = Debug|Any CPU
		{12129E14-FFE1-4692-80F1-F3E9A5A19630}.Release|Any CPU.ActiveCfg = Release|Any CPU
		{12129E14-FFE1-4692-80F1-F3E9A5A19630}.Release|Any CPU.Build.0 = Release|Any CPU
	EndGlobalSection
	GlobalSection(SolutionProperties) = preSolution
		HideSolutionNode = FALSE
	EndGlobalSection
	GlobalSection(ExtensibilityGlobals) = postSolution
		SolutionGuid = {BD908C2B-E47F-4528-82E8-03DCCDFA3FE0}
	EndGlobalSection
EndGlobal
